
Microsoft Visual Studio Solution File, Format Version 12.00
# Visual Studio 14
VisualStudioVersion = 14.0.23107.0
MinimumVisualStudioVersion = 10.0.40219.1
Project("{8BC9CEB8-8B4A-11D0-8D11-00A0C91BC942}") = "演讲比赛流程管理项目", "演讲比赛流程管理项目\演讲比赛流程管理项目.vcxproj", "{AEFC630D-69C3-4E3E-88FB-21DA2A68ADBC}"
EndProject
Global
	GlobalSection(SolutionConfigurationPlatforms) = preSolution
		Debug|x64 = Debug|x64
		Debug|x86 = Debug|x86
		Release|x64 = Release|x64
		Release|x86 = Release|x86
	EndGlobalSection
	GlobalSection(ProjectConfigurationPlatforms) = postSolution
		{AEFC630D-69C3-4E3E-88FB-21DA2A68ADBC}.Debug|x64.ActiveCfg = Debug|x64
		{AEFC630D-69C3-4E3E-88FB-21DA2A68ADBC}.Debug|x64.Build.0 = Debug|x64
		{AEFC630D-69C3-4E3E-88FB-21DA2A68ADBC}.Debug|x86.ActiveCfg = Debug|Win32
		{AEFC630D-69C3-4E3E-88FB-21DA2A68ADBC}.Debug|x86.Build.0 = Debug|Win32
		{AEFC630D-69C3-4E3E-88FB-21DA2A68ADBC}.Release|x64.ActiveCfg = Release|x64
		{AEFC630D-69C3-4E3E-88FB-21DA2A68ADBC}.Release|x64.Build.0 = Release|x64
		{AEFC630D-69C3-4E3E-88FB-21DA2A68ADBC}.Release|x86.ActiveCfg = Release|Win32
		{AEFC630D-69C3-4E3E-88FB-21DA2A68ADBC}.Release|x86.Build.0 = Release|Win32
	EndGlobalSection
	GlobalSection(SolutionProperties) = preSolution
		HideSolutionNode = FALSE
	EndGlobalSection
EndGlobal
